// !$*UTF8*$!
{
	archiveVersion = 1;
	classes = {
	};
	objectVersion = 46;
	objects = {

/* Begin PBXBuildFile section */
		1F277ECA1D199FA8008CE332 /* main.m in Sources */ = {isa = PBXBuildFile; fileRef = 1F277EC91D199FA8008CE332 /* main.m */; };
		1F277ECD1D199FA8008CE332 /* AppDelegate.m in Sources */ = {isa = PBXBuildFile; fileRef = 1F277ECC1D199FA8008CE332 /* AppDelegate.m */; };
		1F277ED01D199FA8008CE332 /* ViewController.m in Sources */ = {isa = PBXBuildFile; fileRef = 1F277ECF1D199FA8008CE332 /* ViewController.m */; };
		1F277ED31D199FA8008CE332 /* Main.storyboard in Resources */ = {isa = PBXBuildFile; fileRef = 1F277ED11D199FA8008CE332 /* Main.storyboard */; };
		1F277ED51D199FA8008CE332 /* Assets.xcassets in Resources */ = {isa = PBXBuildFile; fileRef = 1F277ED41D199FA8008CE332 /* Assets.xcassets */; };
		1F277ED81D199FA8008CE332 /* LaunchScreen.storyboard in Resources */ = {isa = PBXBuildFile; fileRef = 1F277ED61D199FA8008CE332 /* LaunchScreen.storyboard */; };
		1F277EE11D19A067008CE332 /* 装饰模式图片.jpg in Resources */ = {isa = PBXBuildFile; fileRef = 1F277EE01D19A067008CE332 /* 装饰模式图片.jpg */; };
		1F277EE41D19A0B3008CE332 /* AbstractCellPhone.m in Sources */ = {isa = PBXBuildFile; fileRef = 1F277EE31D19A0B3008CE332 /* AbstractCellPhone.m */; };
		1F277EE71D19A15A008CE332 /* NokiaPhone.m in Sources */ = {isa = PBXBuildFile; fileRef = 1F277EE61D19A15A008CE332 /* NokiaPhone.m */; };
		1F277EEA1D19A1AE008CE332 /* AbstractCellPhoneDecorator.m in Sources */ = {isa = PBXBuildFile; fileRef = 1F277EE91D19A1AE008CE332 /* AbstractCellPhoneDecorator.m */; };
		1F277EED1D19A25B008CE332 /* CellPhoneDecoratorGPS.m in Sources */ = {isa = PBXBuildFile; fileRef = 1F277EEC1D19A25B008CE332 /* CellPhoneDecoratorGPS.m */; };
		1F277EF01D19A26C008CE332 /* CellPhoneDecoratorBluetooth.m in Sources */ = {isa = PBXBuildFile; fileRef = 1F277EEF1D19A26C008CE332 /* CellPhoneDecoratorBluetooth.m */; };
/* End PBXBuildFile section */

/* Begin PBXFileReference section */
		1F277EC51D199FA8008CE332 /* DecoratorDemo01.app */ = {isa = PBXFileReference; explicitFileType = wrapper.application; includeInIndex = 0; path = DecoratorDemo01.app; sourceTree = BUILT_PRODUCTS_DIR; };
		1F277EC91D199FA8008CE332 /* main.m */ = {isa = PBXFileReference; lastKnownFileType = sourcecode.c.objc; path = main.m; sourceTree = "<group>"; };
		1F277ECB1D199FA8008CE332 /* AppDelegate.h */ = {isa = PBXFileReference; lastKnownFileType = sourcecode.c.h; path = AppDelegate.h; sourceTree = "<group>"; };
		1F277ECC1D199FA8008CE332 /* AppDelegate.m */ = {isa = PBXFileReference; lastKnownFileType = sourcecode.c.objc; path = AppDelegate.m; sourceTree = "<group>"; };
		1F277ECE1D199FA8008CE332 /* ViewController.h */ = {isa = PBXFileReference; lastKnownFileType = sourcecode.c.h; path = ViewController.h; sourceTree = "<group>"; };
		1F277ECF1D199FA8008CE332 /* ViewController.m */ = {isa = PBXFileReference; lastKnownFileType = sourcecode.c.objc; path = ViewController.m; sourceTree = "<group>"; };
		1F277ED21D199FA8008CE332 /* Base */ = {isa = PBXFileReference; lastKnownFileType = file.storyboard; name = Base; path = Base.lproj/Main.storyboard; sourceTree = "<group>"; };
		1F277ED41D199FA8008CE332 /* Assets.xcassets */ = {isa = PBXFileReference; lastKnownFileType = folder.assetcatalog; path = Assets.xcassets; sourceTree = "<group>"; };
		1F277ED71D199FA8008CE332 /* Base */ = {isa = PBXFileReference; lastKnownFileType = file.storyboard; name = Base; path = Base.lproj/LaunchScreen.storyboard; sourceTree = "<group>"; };
		1F277ED91D199FA8008CE332 /* Info.plist */ = {isa = PBXFileReference; lastKnownFileType = text.plist.xml; path = Info.plist; sourceTree = "<group>"; };
		1F277EE01D19A067008CE332 /* 装饰模式图片.jpg */ = {isa = PBXFileReference; lastKnownFileType = image.jpeg; path = "装饰模式图片.jpg"; sourceTree = "<group>"; };
		1F277EE21D19A0B3008CE332 /* AbstractCellPhone.h */ = {isa = PBXFileReference; fileEncoding = 4; lastKnownFileType = sourcecode.c.h; path = AbstractCellPhone.h; sourceTree = "<group>"; };
		1F277EE31D19A0B3008CE332 /* AbstractCellPhone.m */ = {isa = PBXFileReference; fileEncoding = 4; lastKnownFileType = sourcecode.c.objc; path = AbstractCellPhone.m; sourceTree = "<group>"; };
		1F277EE51D19A15A008CE332 /* NokiaPhone.h */ = {isa = PBXFileReference; fileEncoding = 4; lastKnownFileType = sourcecode.c.h; path = NokiaPhone.h; sourceTree = "<group>"; };
		1F277EE61D19A15A008CE332 /* NokiaPhone.m */ = {isa = PBXFileReference; fileEncoding = 4; lastKnownFileType = sourcecode.c.objc; path = NokiaPhone.m; sourceTree = "<group>"; };
		1F277EE81D19A1AE008CE332 /* AbstractCellPhoneDecorator.h */ = {isa = PBXFileReference; fileEncoding = 4; lastKnownFileType = sourcecode.c.h; path = AbstractCellPhoneDecorator.h; sourceTree = "<group>"; };
		1F277EE91D19A1AE008CE332 /* AbstractCellPhoneDecorator.m */ = {isa = PBXFileReference; fileEncoding = 4; lastKnownFileType = sourcecode.c.objc; path = AbstractCellPhoneDecorator.m; sourceTree = "<group>"; };
		1F277EEB1D19A25B008CE332 /* CellPhoneDecoratorGPS.h */ = {isa = PBXFileReference; fileEncoding = 4; lastKnownFileType = sourcecode.c.h; path = CellPhoneDecoratorGPS.h; sourceTree = "<group>"; };
		1F277EEC1D19A25B008CE332 /* CellPhoneDecoratorGPS.m */ = {isa = PBXFileReference; fileEncoding = 4; lastKnownFileType = sourcecode.c.objc; path = CellPhoneDecoratorGPS.m; sourceTree = "<group>"; };
		1F277EEE1D19A26C008CE332 /* CellPhoneDecoratorBluetooth.h */ = {isa = PBXFileReference; fileEncoding = 4; lastKnownFileType = sourcecode.c.h; path = CellPhoneDecoratorBluetooth.h; sourceTree = "<group>"; };
		1F277EEF1D19A26C008CE332 /* CellPhoneDecoratorBluetooth.m */ = {isa = PBXFileReference; fileEncoding = 4; lastKnownFileType = sourcecode.c.objc; path = CellPhoneDecoratorBluetooth.m; sourceTree = "<group>"; };
/* End PBXFileReference section */

/* Begin PBXFrameworksBuildPhase section */
		1F277EC21D199FA8008CE332 /* Frameworks */ = {
			isa = PBXFrameworksBuildPhase;
			buildActionMask = 2147483647;
			files = (
			);
			runOnlyForDeploymentPostprocessing = 0;
		};
/* End PBXFrameworksBuildPhase section */

/* Begin PBXGroup section */
		1F277EBC1D199FA8008CE332 = {
			isa = PBXGroup;
			children = (
				1F277EC71D199FA8008CE332 /* DecoratorDemo01 */,
				1F277EC61D199FA8008CE332 /* Products */,
			);
			sourceTree = "<group>";
		};
		1F277EC61D199FA8008CE332 /* Products */ = {
			isa = PBXGroup;
			children = (
				1F277EC51D199FA8008CE332 /* DecoratorDemo01.app */,
			);
			name = Products;
			sourceTree = "<group>";
		};
		1F277EC71D199FA8008CE332 /* DecoratorDemo01 */ = {
			isa = PBXGroup;
			children = (
				1F277EDF1D19A05C008CE332 /* Decorator */,
				1F277ECB1D199FA8008CE332 /* AppDelegate.h */,
				1F277ECC1D199FA8008CE332 /* AppDelegate.m */,
				1F277ECE1D199FA8008CE332 /* ViewController.h */,
				1F277ECF1D199FA8008CE332 /* ViewController.m */,
				1F277ED11D199FA8008CE332 /* Main.storyboard */,
				1F277ED41D199FA8008CE332 /* Assets.xcassets */,
				1F277ED61D199FA8008CE332 /* LaunchScreen.storyboard */,
				1F277ED91D199FA8008CE332 /* Info.plist */,
				1F277EC81D199FA8008CE332 /* Supporting Files */,
			);
			path = DecoratorDemo01;
			sourceTree = "<group>";
		};
		1F277EC81D199FA8008CE332 /* Supporting Files */ = {
			isa = PBXGroup;
			children = (
				1F277EC91D199FA8008CE332 /* main.m */,
			);
			name = "Supporting Files";
			sourceTree = "<group>";
		};
		1F277EDF1D19A05C008CE332 /* Decorator */ = {
			isa = PBXGroup;
			children = (
				1F277EE01D19A067008CE332 /* 装饰模式图片.jpg */,
				1F277EE21D19A0B3008CE332 /* AbstractCellPhone.h */,
				1F277EE31D19A0B3008CE332 /* AbstractCellPhone.m */,
				1F277EE51D19A15A008CE332 /* NokiaPhone.h */,
				1F277EE61D19A15A008CE332 /* NokiaPhone.m */,
				1F277EE81D19A1AE008CE332 /* AbstractCellPhoneDecorator.h */,
				1F277EE91D19A1AE008CE332 /* AbstractCellPhoneDecorator.m */,
				1F277EEB1D19A25B008CE332 /* CellPhoneDecoratorGPS.h */,
				1F277EEC1D19A25B008CE332 /* CellPhoneDecoratorGPS.m */,
				1F277EEE1D19A26C008CE332 /* CellPhoneDecoratorBluetooth.h */,
				1F277EEF1D19A26C008CE332 /* CellPhoneDecoratorBluetooth.m */,
			);
			path = Decorator;
			sourceTree = "<group>";
		};
/* End PBXGroup section */

/* Begin PBXNativeTarget section */
		1F277EC41D199FA8008CE332 /* DecoratorDemo01 */ = {
			isa = PBXNativeTarget;
			buildConfigurationList = 1F277EDC1D199FA8008CE332 /* Build configuration list for PBXNativeTarget "DecoratorDemo01" */;
			buildPhases = (
				1F277EC11D199FA8008CE332 /* Sources */,
				1F277EC21D199FA8008CE332 /* Frameworks */,
				1F277EC31D199FA8008CE332 /* Resources */,
			);
			buildRules = (
			);
			dependencies = (
			);
			name = DecoratorDemo01;
			productName = DecoratorDemo01;
			productReference = 1F277EC51D199FA8008CE332 /* DecoratorDemo01.app */;
			productType = "com.apple.product-type.application";
		};
/* End PBXNativeTarget section */

/* Begin PBXProject section */
		1F277EBD1D199FA8008CE332 /* Project object */ = {
			isa = PBXProject;
			attributes = {
				LastUpgradeCheck = 0730;
				ORGANIZATIONNAME = "SkyPrayer Studio";
				TargetAttributes = {
					1F277EC41D199FA8008CE332 = {
						CreatedOnToolsVersion = 7.3.1;
					};
				};
			};
			buildConfigurationList = 1F277EC01D199FA8008CE332 /* Build configuration list for PBXProject "DecoratorDemo01" */;
			compatibilityVersion = "Xcode 3.2";
			developmentRegion = English;
			hasScannedForEncodings = 0;
			knownRegions = (
				en,
				Base,
			);
			mainGroup = 1F277EBC1D199FA8008CE332;
			productRefGroup = 1F277EC61D199FA8008CE332 /* Products */;
			projectDirPath = "";
			projectRoot = "";
			targets = (
				1F277EC41D199FA8008CE332 /* DecoratorDemo01 */,
			);
		};
/* End PBXProject section */

/* Begin PBXResourcesBuildPhase section */
		1F277EC31D199FA8008CE332 /* Resources */ = {
			isa = PBXResourcesBuildPhase;
			buildActionMask = 2147483647;
			files = (
				1F277ED81D199FA8008CE332 /* LaunchScreen.storyboard in Resources */,
				1F277ED51D199FA8008CE332 /* Assets.xcassets in Resources */,
				1F277ED31D199FA8008CE332 /* Main.storyboard in Resources */,
				1F277EE11D19A067008CE332 /* 装饰模式图片.jpg in Resources */,
			);
			runOnlyForDeploymentPostprocessing = 0;
		};
/* End PBXResourcesBuildPhase section */

/* Begin PBXSourcesBuildPhase section */
		1F277EC11D199FA8008CE332 /* Sources */ = {
			isa = PBXSourcesBuildPhase;
			buildActionMask = 2147483647;
			files = (
				1F277EEA1D19A1AE008CE332 /* AbstractCellPhoneDecorator.m in Sources */,
				1F277EED1D19A25B008CE332 /* CellPhoneDecoratorGPS.m in Sources */,
				1F277EE41D19A0B3008CE332 /* AbstractCellPhone.m in Sources */,
				1F277EF01D19A26C008CE332 /* CellPhoneDecoratorBluetooth.m in Sources */,
				1F277ED01D199FA8008CE332 /* ViewController.m in Sources */,
				1F277EE71D19A15A008CE332 /* NokiaPhone.m in Sources */,
				1F277ECD1D199FA8008CE332 /* AppDelegate.m in Sources */,
				1F277ECA1D199FA8008CE332 /* main.m in Sources */,
			);
			runOnlyForDeploymentPostprocessing = 0;
		};
/* End PBXSourcesBuildPhase section */

/* Begin PBXVariantGroup section */
		1F277ED11D199FA8008CE332 /* Main.storyboard */ = {
			isa = PBXVariantGroup;
			children = (
				1F277ED21D199FA8008CE332 /* Base */,
			);
			name = Main.storyboard;
			sourceTree = "<group>";
		};
		1F277ED61D199FA8008CE332 /* LaunchScreen.storyboard */ = {
			isa = PBXVariantGroup;
			children = (
				1F277ED71D199FA8008CE332 /* Base */,
			);
			name = LaunchScreen.storyboard;
			sourceTree = "<group>";
		};
/* End PBXVariantGroup section */

/* Begin XCBuildConfiguration section */
		1F277EDA1D199FA8008CE332 /* Debug */ = {
			isa = XCBuildConfiguration;
			buildSettings = {
				ALWAYS_SEARCH_USER_PATHS = NO;
				CLANG_ANALYZER_NONNULL = YES;
				CLANG_CXX_LANGUAGE_STANDARD = "gnu++0x";
				CLANG_CXX_LIBRARY = "libc++";
				CLANG_ENABLE_MODULES = YES;
				CLANG_ENABLE_OBJC_ARC = YES;
				CLANG_WARN_BOOL_CONVERSION = YES;
				CLANG_WARN_CONSTANT_CONVERSION = YES;
				CLANG_WARN_DIRECT_OBJC_ISA_USAGE = YES_ERROR;
				CLANG_WARN_EMPTY_BODY = YES;
				CLANG_WARN_ENUM_CONVERSION = YES;
				CLANG_WARN_INT_CONVERSION = YES;
				CLANG_WARN_OBJC_ROOT_CLASS = YES_ERROR;
				CLANG_WARN_UNREACHABLE_CODE = YES;
				CLANG_WARN__DUPLICATE_METHOD_MATCH = YES;
				"CODE_SIGN_IDENTITY[sdk=iphoneos*]" = "iPhone Developer";
				COPY_PHASE_STRIP = NO;
				DEBUG_INFORMATION_FORMAT = dwarf;
				ENABLE_STRICT_OBJC_MSGSEND = YES;
				ENABLE_TESTABILITY = YES;
				GCC_C_LANGUAGE_STANDARD = gnu99;
				GCC_DYNAMIC_NO_PIC = NO;
				GCC_NO_COMMON_BLOCKS = YES;
				GCC_OPTIMIZATION_LEVEL = 0;
				GCC_PREPROCESSOR_DEFINITIONS = (
					"DEBUG=1",
					"$(inherited)",
				);
				GCC_WARN_64_TO_32_BIT_CONVERSION = YES;
				GCC_WARN_ABOUT_RETURN_TYPE = YES_ERROR;
				GCC_WARN_UNDECLARED_SELECTOR = YES;
				GCC_WARN_UNINITIALIZED_AUTOS = YES_AGGRESSIVE;
				GCC_WARN_UNUSED_FUNCTION = YES;
				GCC_WARN_UNUSED_VARIABLE = YES;
				IPHONEOS_DEPLOYMENT_TARGET = 9.3;
				MTL_ENABLE_DEBUG_INFO = YES;
				ONLY_ACTIVE_ARCH = YES;
				SDKROOT = iphoneos;
				TARGETED_DEVICE_FAMILY = "1,2";
			};
			name = Debug;
		};
		1F277EDB1D199FA8008CE332 /* Release */ = {
			isa = XCBuildConfiguration;
			buildSettings = {
				ALWAYS_SEARCH_USER_PATHS = NO;
				CLANG_ANALYZER_NONNULL = YES;
				CLANG_CXX_LANGUAGE_STANDARD = "gnu++0x";
				CLANG_CXX_LIBRARY = "libc++";
				CLANG_ENABLE_MODULES = YES;
				CLANG_ENABLE_OBJC_ARC = YES;
				CLANG_WARN_BOOL_CONVERSION = YES;
				CLANG_WARN_CONSTANT_CONVERSION = YES;
				CLANG_WARN_DIRECT_OBJC_ISA_USAGE = YES_ERROR;
				CLANG_WARN_EMPTY_BODY = YES;
				CLANG_WARN_ENUM_CONVERSION = YES;
				CLANG_WARN_INT_CONVERSION = YES;
				CLANG_WARN_OBJC_ROOT_CLASS = YES_ERROR;
				CLANG_WARN_UNREACHABLE_CODE = YES;
				CLANG_WARN__DUPLICATE_METHOD_MATCH = YES;
				"CODE_SIGN_IDENTITY[sdk=iphoneos*]" = "iPhone Developer";
				COPY_PHASE_STRIP = NO;
				DEBUG_INFORMATION_FORMAT = "dwarf-with-dsym";
				ENABLE_NS_ASSERTIONS = NO;
				ENABLE_STRICT_OBJC_MSGSEND = YES;
				GCC_C_LANGUAGE_STANDARD = gnu99;
				GCC_NO_COMMON_BLOCKS = YES;
				GCC_WARN_64_TO_32_BIT_CONVERSION = YES;
				GCC_WARN_ABOUT_RETURN_TYPE = YES_ERROR;
				GCC_WARN_UNDECLARED_SELECTOR = YES;
				GCC_WARN_UNINITIALIZED_AUTOS = YES_AGGRESSIVE;
				GCC_WARN_UNUSED_FUNCTION = YES;
				GCC_WARN_UNUSED_VARIABLE = YES;
				IPHONEOS_DEPLOYMENT_TARGET = 9.3;
				MTL_ENABLE_DEBUG_INFO = NO;
				SDKROOT = iphoneos;
				TARGETED_DEVICE_FAMILY = "1,2";
				VALIDATE_PRODUCT = YES;
			};
			name = Release;
		};
		1F277EDD1D199FA8008CE332 /* Debug */ = {
			isa = XCBuildConfiguration;
			buildSettings = {
				ASSETCATALOG_COMPILER_APPICON_NAME = AppIcon;
				INFOPLIST_FILE = DecoratorDemo01/Info.plist;
				LD_RUNPATH_SEARCH_PATHS = "$(inherited) @executable_path/Frameworks";
				PRODUCT_BUNDLE_IDENTIFIER = com.skyprayer.DecoratorDemo01;
				PRODUCT_NAME = "$(TARGET_NAME)";
			};
			name = Debug;
		};
		1F277EDE1D199FA8008CE332 /* Release */ = {
			isa = XCBuildConfiguration;
			buildSettings = {
				ASSETCATALOG_COMPILER_APPICON_NAME = AppIcon;
				INFOPLIST_FILE = DecoratorDemo01/Info.plist;
				LD_RUNPATH_SEARCH_PATHS = "$(inherited) @executable_path/Frameworks";
				PRODUCT_BUNDLE_IDENTIFIER = com.skyprayer.DecoratorDemo01;
				PRODUCT_NAME = "$(TARGET_NAME)";
			};
			name = Release;
		};
/* End XCBuildConfiguration section */

/* Begin XCConfigurationList section */
		1F277EC01D199FA8008CE332 /* Build configuration list for PBXProject "DecoratorDemo01" */ = {
			isa = XCConfigurationList;
			buildConfigurations = (
				1F277EDA1D199FA8008CE332 /* Debug */,
				1F277EDB1D199FA8008CE332 /* Release */,
			);
			defaultConfigurationIsVisible = 0;
			defaultConfigurationName = Release;
		};
		1F277EDC1D199FA8008CE332 /* Build configuration list for PBXNativeTarget "DecoratorDemo01" */ = {
			isa = XCConfigurationList;
			buildConfigurations = (
				1F277EDD1D199FA8008CE332 /* Debug */,
				1F277EDE1D199FA8008CE332 /* Release */,
			);
			defaultConfigurationIsVisible = 0;
		};
/* End XCConfigurationList section */
	};
	rootObject = 1F277EBD1D199FA8008CE332 /* Project object */;
}
